
Microsoft Visual Studio Solution File, Format Version 12.00
# Visual Studio Version 17
VisualStudioVersion = 17.6.33712.159
MinimumVisualStudioVersion = 10.0.40219.1
Project("{9A19103F-16F7-4668-BE54-9A1E7A4F7556}") = "Daycoval.Solid.Domain", "Daycoval.Solid.Domain\Daycoval.Solid.Domain.csproj", "{E6CBAE77-CEA4-4C9F-AD74-17B8C8612756}"
EndProject
Project("{9A19103F-16F7-4668-BE54-9A1E7A4F7556}") = "Daycoval.Solid.Domain.Tests", "Daycoval.Solid.Domain.Tests\Daycoval.Solid.Domain.Tests.csproj", "{2D9C2309-D559-424D-9DCC-CB69FDC31C0C}"
EndProject
Project("{FAE04EC0-301F-11D3-BF4B-00C04F79EFBC}") = "Daycoval.Solid.Infrastructure", "Daycoval.Solid.Infrastructure\Daycoval.Solid.Infrastructure.csproj", "{C36CD8DD-C7AA-4E1C-A800-BDDD22D7B3A4}"
EndProject
Global
	GlobalSection(SolutionConfigurationPlatforms) = preSolution
		Debug|Any CPU = Debug|Any CPU
		Release|Any CPU = Release|Any CPU
	EndGlobalSection
	GlobalSection(ProjectConfigurationPlatforms) = postSolution
		{E6CBAE77-CEA4-4C9F-AD74-17B8C8612756}.Debug|Any CPU.ActiveCfg = Debug|Any CPU
		{E6CBAE77-CEA4-4C9F-AD74-17B8C8612756}.Debug|Any CPU.Build.0 = Debug|Any CPU
		{E6CBAE77-CEA4-4C9F-AD74-17B8C8612756}.Release|Any CPU.ActiveCfg = Release|Any CPU
		{E6CBAE77-CEA4-4C9F-AD74-17B8C8612756}.Release|Any CPU.Build.0 = Release|Any CPU
		{2D9C2309-D559-424D-9DCC-CB69FDC31C0C}.Debug|Any CPU.ActiveCfg = Debug|Any CPU
		{2D9C2309-D559-424D-9DCC-CB69FDC31C0C}.Debug|Any CPU.Build.0 = Debug|Any CPU
		{2D9C2309-D559-424D-9DCC-CB69FDC31C0C}.Release|Any CPU.ActiveCfg = Release|Any CPU
		{2D9C2309-D559-424D-9DCC-CB69FDC31C0C}.Release|Any CPU.Build.0 = Release|Any CPU
		{C36CD8DD-C7AA-4E1C-A800-BDDD22D7B3A4}.Debug|Any CPU.ActiveCfg = Debug|Any CPU
		{C36CD8DD-C7AA-4E1C-A800-BDDD22D7B3A4}.Debug|Any CPU.Build.0 = Debug|Any CPU
		{C36CD8DD-C7AA-4E1C-A800-BDDD22D7B3A4}.Release|Any CPU.ActiveCfg = Release|Any CPU
		{C36CD8DD-C7AA-4E1C-A800-BDDD22D7B3A4}.Release|Any CPU.Build.0 = Release|Any CPU
	EndGlobalSection
	GlobalSection(SolutionProperties) = preSolution
		HideSolutionNode = FALSE
	EndGlobalSection
	GlobalSection(ExtensibilityGlobals) = postSolution
		SolutionGuid = {F05CD331-D418-4704-B1C7-CF6554F3DA29}
	EndGlobalSection
EndGlobal
